<Solution>
  <Configurations>
    <Platform Name="x64" />
    <Platform Name="x86" />
  </Configurations>
  <Project Path="../_lib/CrushDump_lib/CrushDump_lib.vcxproj" Id="4e2aadba-fb6a-489d-9070-59bbb3778dc0" />
  <Project Path="../_lib/MTProfiler_Lib/MTProfiler_Lib.vcxproj" Id="6c0df0ee-f9b3-460c-9a0f-67a432b7b9e0" />
  <Project Path="ClientBotProject.vcxproj" Id="5b083dbc-ce63-4e4e-9412-cdbd9202604b" />
</Solution>
