<?xml version="1.0" encoding="utf-8"?>
<Project ToolsVersion="4.0" xmlns="http://schemas.microsoft.com/developer/msbuild/2003">
  <ItemGroup>
    <Filter Include="소스 파일">
      <UniqueIdentifier>{4FC737F1-C7A5-4376-A066-2A32D752A2FF}</UniqueIdentifier>
      <Extensions>cpp;c;cc;cxx;c++;cppm;ixx;def;odl;idl;hpj;bat;asm;asmx</Extensions>
    </Filter>
    <Filter Include="헤더 파일">
      <UniqueIdentifier>{93995380-89BD-4b04-88EB-625FBE52EBFB}</UniqueIdentifier>
      <Extensions>h;hh;hpp;hxx;h++;hm;inl;inc;ipp;xsd</Extensions>
    </Filter>
    <Filter Include="리소스 파일">
      <UniqueIdentifier>{67DA6AB6-F800-4c08-8B7A-83BB121AAD01}</UniqueIdentifier>
      <Extensions>rc;ico;cur;bmp;dlg;rc2;rct;bin;rgs;gif;jpg;jpeg;jpe;resx;tiff;tif;png;wav;mfcribbon-ms</Extensions>
    </Filter>
    <Filter Include="utility">
      <UniqueIdentifier>{c7198de0-e421-41d8-9f1d-5360c0c55f0f}</UniqueIdentifier>
    </Filter>
    <Filter Include="Render">
      <UniqueIdentifier>{e572f9ae-7dcc-43ff-8536-e77c94657e95}</UniqueIdentifier>
    </Filter>
    <Filter Include="Actors">
      <UniqueIdentifier>{c8badf74-fdcd-425b-92a3-5868e4b74df1}</UniqueIdentifier>
    </Filter>
    <Filter Include="Map">
      <UniqueIdentifier>{e0264825-dd7b-4eb9-ab44-0e0cca20a7de}</UniqueIdentifier>
    </Filter>
    <Filter Include="Scene">
      <UniqueIdentifier>{e624ec91-babe-4a2e-955b-327135a6a7b4}</UniqueIdentifier>
    </Filter>
    <Filter Include="UI">
      <UniqueIdentifier>{ed33aa3b-2320-4ab1-b063-94e58aa4af64}</UniqueIdentifier>
    </Filter>
    <Filter Include="Network">
      <UniqueIdentifier>{85c441f2-c1b9-405e-8910-834ef721d880}</UniqueIdentifier>
    </Filter>
    <Filter Include="_Shared">
      <UniqueIdentifier>{70096fe2-feff-4743-8351-f0090d68c856}</UniqueIdentifier>
    </Filter>
  </ItemGroup>
  <ItemGroup>
    <ClCompile Include="Game.cpp">
      <Filter>소스 파일</Filter>
    </ClCompile>
    <ClCompile Include="main.cpp">
      <Filter>소스 파일</Filter>
    </ClCompile>
    <ClCompile Include="Render\Image.cpp">
      <Filter>Render</Filter>
    </ClCompile>
    <ClCompile Include="Actors\Player.cpp">
      <Filter>Actors</Filter>
    </ClCompile>
    <ClCompile Include="Actors\Actor.cpp">
      <Filter>Actors</Filter>
    </ClCompile>
    <ClCompile Include="Render\Animation.cpp">
      <Filter>Render</Filter>
    </ClCompile>
    <ClCompile Include="Render\ImageManager.cpp">
      <Filter>Render</Filter>
    </ClCompile>
    <ClCompile Include="Render\Camera.cpp">
      <Filter>Render</Filter>
    </ClCompile>
    <ClCompile Include="Map\TileMap.cpp">
      <Filter>Map</Filter>
    </ClCompile>
    <ClCompile Include="Scene\SceneManager.cpp">
      <Filter>Scene</Filter>
    </ClCompile>
    <ClCompile Include="Scene\FieldScene.cpp">
      <Filter>Scene</Filter>
    </ClCompile>
    <ClCompile Include="Scene\LoginScene.cpp">
      <Filter>Scene</Filter>
    </ClCompile>
    <ClCompile Include="UI\UIBase.cpp">
      <Filter>UI</Filter>
    </ClCompile>
    <ClCompile Include="UI\HPBar.cpp">
      <Filter>UI</Filter>
    </ClCompile>
    <ClCompile Include="Network\Network.cpp">
      <Filter>Network</Filter>
    </ClCompile>
    <ClCompile Include="utility\Message.cpp">
      <Filter>utility</Filter>
    </ClCompile>
    <ClCompile Include="utility\RingBuffer.cpp">
      <Filter>utility</Filter>
    </ClCompile>
    <ClCompile Include="Actors\RemotePlayer.cpp">
      <Filter>Actors</Filter>
    </ClCompile>
    <ClCompile Include="utility\MyRingBuffer.cpp">
      <Filter>utility</Filter>
    </ClCompile>
    <ClCompile Include="Actors\Monster.cpp">
      <Filter>Actors</Filter>
    </ClCompile>
    <ClCompile Include="Actors\FieldItemActor.cpp">
      <Filter>Actors</Filter>
    </ClCompile>
  </ItemGroup>
  <ItemGroup>
    <ClInclude Include="Game.h">
      <Filter>헤더 파일</Filter>
    </ClInclude>
    <ClInclude Include="utility\Common.h">
      <Filter>utility</Filter>
    </ClInclude>
    <ClInclude Include="Render\Image.h">
      <Filter>Render</Filter>
    </ClInclude>
    <ClInclude Include="Actors\Player.h">
      <Filter>Actors</Filter>
    </ClInclude>
    <ClInclude Include="Actors\Actor.h">
      <Filter>Actors</Filter>
    </ClInclude>
    <ClInclude Include="Render\Animation.h">
      <Filter>Render</Filter>
    </ClInclude>
    <ClInclude Include="Render\ImageManager.h">
      <Filter>Render</Filter>
    </ClInclude>
    <ClInclude Include="Render\Camera.h">
      <Filter>Render</Filter>
    </ClInclude>
    <ClInclude Include="Map\TileMap.h">
      <Filter>Map</Filter>
    </ClInclude>
    <ClInclude Include="Scene\ISceneBase.h">
      <Filter>Scene</Filter>
    </ClInclude>
    <ClInclude Include="Scene\SceneManager.h">
      <Filter>Scene</Filter>
    </ClInclude>
    <ClInclude Include="Scene\FieldScene.h">
      <Filter>Scene</Filter>
    </ClInclude>
    <ClInclude Include="Scene\LoginScene.h">
      <Filter>Scene</Filter>
    </ClInclude>
    <ClInclude Include="UI\UIBase.h">
      <Filter>UI</Filter>
    </ClInclude>
    <ClInclude Include="UI\HPBar.h">
      <Filter>UI</Filter>
    </ClInclude>
    <ClInclude Include="Network\Network.h">
      <Filter>Network</Filter>
    </ClInclude>
    <ClInclude Include="utility\Message.h">
      <Filter>utility</Filter>
    </ClInclude>
    <ClInclude Include="utility\RingBuffer.h">
      <Filter>utility</Filter>
    </ClInclude>
    <ClInclude Include="utility\Header.h">
      <Filter>utility</Filter>
    </ClInclude>
    <ClInclude Include="Network\NetConfig.h">
      <Filter>Network</Filter>
    </ClInclude>
    <ClInclude Include="..\_Shared\Protocol.h">
      <Filter>_Shared</Filter>
    </ClInclude>
    <ClInclude Include="Actors\RemotePlayer.h">
      <Filter>Actors</Filter>
    </ClInclude>
    <ClInclude Include="utility\MyRingBuffer.h">
      <Filter>utility</Filter>
    </ClInclude>
    <ClInclude Include="Actors\Monster.h">
      <Filter>Actors</Filter>
    </ClInclude>
    <ClInclude Include="Actors\FieldItemActor.h">
      <Filter>Actors</Filter>
    </ClInclude>
    <ClInclude Include="..\_Shared\AttackConfig.h">
      <Filter>_Shared</Filter>
    </ClInclude>
  </ItemGroup>
  <ItemGroup>
    <FxCompile Include="PS.hlsl" />
    <FxCompile Include="VS.hlsl" />
  </ItemGroup>
</Project>